{
  "name": "edge-server",
  "version": "1.0.0",
  "lockfileVersion": 3,
  "requires": true,
  "packages": {
    "": {
      "name": "edge-server",
      "version": "1.0.0",
      "license": "ISC",
      "dependencies": {
        "fs": "^0.0.1-security",
        "http2": "^3.3.6",
        "https": "^1.0.0"
      }
    },
    "node_modules/fs": {
      "version": "0.0.1-security",
      "resolved": "https://registry.npmjs.org/fs/-/fs-0.0.1-security.tgz",
      "integrity": "sha512-3XY9e1pP0CVEUCdj5BmfIZxRBTSDycnbqhIOGec9QYtmVH2fbLpj86CFWkrNOkt/Fvty4KZG5lTglL9j/gJ87w==",
      "license": "ISC"
    },
    "node_modules/http2": {
      "version": "3.3.6",
      "resolved": "https://registry.npmjs.org/http2/-/http2-3.3.6.tgz",
      "integrity": "sha512-L8iE1xmQ9hZxalL9ekcx6Dp98h8Fwfxnv9Kq8cf7adrXmyYGBnkbQeJe7MBHPkXxjITIOM1R7XWQYo4iDaNAuQ==",
      "deprecated": "Use the built-in module in node 9.0.0 or newer, instead",
      "license": "MIT",
      "engines": {
        "node": ">=0.12.0"
      }
    },
    "node_modules/https": {
      "version": "1.0.0",
      "resolved": "https://registry.npmjs.org/https/-/https-1.0.0.tgz",
      "integrity": "sha512-4EC57ddXrkaF0x83Oj8sM6SLQHAWXw90Skqu2M4AEWENZ3F02dFJE/GARA8igO79tcgYqGrD7ae4f5L3um2lgg==",
      "license": "ISC"
    }
  }
}
